// !$*UTF8*$!
{
	archiveVersion = 1;
	classes = {
	};
	objectVersion = 50;
	objects = {

/* Begin PBXBuildFile section */
		2574BA78243371BB002CF243 /* SwiftUIKitModifier.swift in Sources */ = {isa = PBXBuildFile; fileRef = 2574BA77243371BB002CF243 /* SwiftUIKitModifier.swift */; };
		2574BA7A24339080002CF243 /* SwiftUIKitFunctionBuilder.swift in Sources */ = {isa = PBXBuildFile; fileRef = 2574BA7924339080002CF243 /* SwiftUIKitFunctionBuilder.swift */; };
		2574BA7C24339A26002CF243 /* SwiftUIKitTextView.swift in Sources */ = {isa = PBXBuildFile; fileRef = 2574BA7B24339A26002CF243 /* SwiftUIKitTextView.swift */; };
		2574BA9E2433A0E3002CF243 /* SwiftUIKitShape.swift in Sources */ = {isa = PBXBuildFile; fileRef = 2574BA9D2433A0E3002CF243 /* SwiftUIKitShape.swift */; };
		25D524D5242D0B27004BFD36 /* AppDelegate.swift in Sources */ = {isa = PBXBuildFile; fileRef = 25D524D4242D0B27004BFD36 /* AppDelegate.swift */; };
		25D524D7242D0B27004BFD36 /* SceneDelegate.swift in Sources */ = {isa = PBXBuildFile; fileRef = 25D524D6242D0B27004BFD36 /* SceneDelegate.swift */; };
		25D524D9242D0B27004BFD36 /* ViewController.swift in Sources */ = {isa = PBXBuildFile; fileRef = 25D524D8242D0B27004BFD36 /* ViewController.swift */; };
		25D524DC242D0B27004BFD36 /* Main.storyboard in Resources */ = {isa = PBXBuildFile; fileRef = 25D524DA242D0B27004BFD36 /* Main.storyboard */; };
		25D524DE242D0B29004BFD36 /* Assets.xcassets in Resources */ = {isa = PBXBuildFile; fileRef = 25D524DD242D0B29004BFD36 /* Assets.xcassets */; };
		25D524E1242D0B29004BFD36 /* LaunchScreen.storyboard in Resources */ = {isa = PBXBuildFile; fileRef = 25D524DF242D0B29004BFD36 /* LaunchScreen.storyboard */; };
		25D524E9242D0B38004BFD36 /* SwiftUIKitView.swift in Sources */ = {isa = PBXBuildFile; fileRef = 25D524E8242D0B38004BFD36 /* SwiftUIKitView.swift */; };
		25D524EB242D11F7004BFD36 /* SwiftUIKitStack.swift in Sources */ = {isa = PBXBuildFile; fileRef = 25D524EA242D11F6004BFD36 /* SwiftUIKitStack.swift */; };
		25D524ED242DF67A004BFD36 /* SwiftUIKitColorView.swift in Sources */ = {isa = PBXBuildFile; fileRef = 25D524EC242DF67A004BFD36 /* SwiftUIKitColorView.swift */; };
/* End PBXBuildFile section */

/* Begin PBXFileReference section */
		2574BA77243371BB002CF243 /* SwiftUIKitModifier.swift */ = {isa = PBXFileReference; lastKnownFileType = sourcecode.swift; path = SwiftUIKitModifier.swift; sourceTree = "<group>"; };
		2574BA7924339080002CF243 /* SwiftUIKitFunctionBuilder.swift */ = {isa = PBXFileReference; lastKnownFileType = sourcecode.swift; path = SwiftUIKitFunctionBuilder.swift; sourceTree = "<group>"; };
		2574BA7B24339A26002CF243 /* SwiftUIKitTextView.swift */ = {isa = PBXFileReference; lastKnownFileType = sourcecode.swift; path = SwiftUIKitTextView.swift; sourceTree = "<group>"; };
		2574BA9D2433A0E3002CF243 /* SwiftUIKitShape.swift */ = {isa = PBXFileReference; lastKnownFileType = sourcecode.swift; path = SwiftUIKitShape.swift; sourceTree = "<group>"; };
		25D524D1242D0B27004BFD36 /* SwiftUIKit.app */ = {isa = PBXFileReference; explicitFileType = wrapper.application; includeInIndex = 0; path = SwiftUIKit.app; sourceTree = BUILT_PRODUCTS_DIR; };
		25D524D4242D0B27004BFD36 /* AppDelegate.swift */ = {isa = PBXFileReference; lastKnownFileType = sourcecode.swift; path = AppDelegate.swift; sourceTree = "<group>"; };
		25D524D6242D0B27004BFD36 /* SceneDelegate.swift */ = {isa = PBXFileReference; lastKnownFileType = sourcecode.swift; path = SceneDelegate.swift; sourceTree = "<group>"; };
		25D524D8242D0B27004BFD36 /* ViewController.swift */ = {isa = PBXFileReference; lastKnownFileType = sourcecode.swift; path = ViewController.swift; sourceTree = "<group>"; };
		25D524DB242D0B27004BFD36 /* Base */ = {isa = PBXFileReference; lastKnownFileType = file.storyboard; name = Base; path = Base.lproj/Main.storyboard; sourceTree = "<group>"; };
		25D524DD242D0B29004BFD36 /* Assets.xcassets */ = {isa = PBXFileReference; lastKnownFileType = folder.assetcatalog; path = Assets.xcassets; sourceTree = "<group>"; };
		25D524E0242D0B29004BFD36 /* Base */ = {isa = PBXFileReference; lastKnownFileType = file.storyboard; name = Base; path = Base.lproj/LaunchScreen.storyboard; sourceTree = "<group>"; };
		25D524E2242D0B29004BFD36 /* Info.plist */ = {isa = PBXFileReference; lastKnownFileType = text.plist.xml; path = Info.plist; sourceTree = "<group>"; };
		25D524E8242D0B38004BFD36 /* SwiftUIKitView.swift */ = {isa = PBXFileReference; lastKnownFileType = sourcecode.swift; path = SwiftUIKitView.swift; sourceTree = "<group>"; };
		25D524EA242D11F6004BFD36 /* SwiftUIKitStack.swift */ = {isa = PBXFileReference; lastKnownFileType = sourcecode.swift; path = SwiftUIKitStack.swift; sourceTree = "<group>"; };
		25D524EC242DF67A004BFD36 /* SwiftUIKitColorView.swift */ = {isa = PBXFileReference; lastKnownFileType = sourcecode.swift; path = SwiftUIKitColorView.swift; sourceTree = "<group>"; };
/* End PBXFileReference section */

/* Begin PBXFrameworksBuildPhase section */
		25D524CE242D0B27004BFD36 /* Frameworks */ = {
			isa = PBXFrameworksBuildPhase;
			buildActionMask = 2147483647;
			files = (
			);
			runOnlyForDeploymentPostprocessing = 0;
		};
/* End PBXFrameworksBuildPhase section */

/* Begin PBXGroup section */
		25D524C8242D0B27004BFD36 = {
			isa = PBXGroup;
			children = (
				25D524D3242D0B27004BFD36 /* SwiftUIKit */,
				25D524D2242D0B27004BFD36 /* Products */,
			);
			sourceTree = "<group>";
		};
		25D524D2242D0B27004BFD36 /* Products */ = {
			isa = PBXGroup;
			children = (
				25D524D1242D0B27004BFD36 /* SwiftUIKit.app */,
			);
			name = Products;
			sourceTree = "<group>";
		};
		25D524D3242D0B27004BFD36 /* SwiftUIKit */ = {
			isa = PBXGroup;
			children = (
				25D524D4242D0B27004BFD36 /* AppDelegate.swift */,
				25D524D6242D0B27004BFD36 /* SceneDelegate.swift */,
				25D524D8242D0B27004BFD36 /* ViewController.swift */,
				25D524DA242D0B27004BFD36 /* Main.storyboard */,
				25D524DD242D0B29004BFD36 /* Assets.xcassets */,
				25D524DF242D0B29004BFD36 /* LaunchScreen.storyboard */,
				25D524E2242D0B29004BFD36 /* Info.plist */,
				25D524EC242DF67A004BFD36 /* SwiftUIKitColorView.swift */,
				25D524EA242D11F6004BFD36 /* SwiftUIKitStack.swift */,
				2574BA7924339080002CF243 /* SwiftUIKitFunctionBuilder.swift */,
				2574BA77243371BB002CF243 /* SwiftUIKitModifier.swift */,
				2574BA7B24339A26002CF243 /* SwiftUIKitTextView.swift */,
				2574BA9D2433A0E3002CF243 /* SwiftUIKitShape.swift */,
				25D524E8242D0B38004BFD36 /* SwiftUIKitView.swift */,
			);
			path = SwiftUIKit;
			sourceTree = "<group>";
		};
/* End PBXGroup section */

/* Begin PBXNativeTarget section */
		25D524D0242D0B27004BFD36 /* SwiftUIKit */ = {
			isa = PBXNativeTarget;
			buildConfigurationList = 25D524E5242D0B29004BFD36 /* Build configuration list for PBXNativeTarget "SwiftUIKit" */;
			buildPhases = (
				25D524CD242D0B27004BFD36 /* Sources */,
				25D524CE242D0B27004BFD36 /* Frameworks */,
				25D524CF242D0B27004BFD36 /* Resources */,
			);
			buildRules = (
			);
			dependencies = (
			);
			name = SwiftUIKit;
			productName = SwiftUIKit;
			productReference = 25D524D1242D0B27004BFD36 /* SwiftUIKit.app */;
			productType = "com.apple.product-type.application";
		};
/* End PBXNativeTarget section */

/* Begin PBXProject section */
		25D524C9242D0B27004BFD36 /* Project object */ = {
			isa = PBXProject;
			attributes = {
				LastSwiftUpdateCheck = 1140;
				LastUpgradeCheck = 1140;
				ORGANIZATIONNAME = "Gualtiero Frigerio";
				TargetAttributes = {
					25D524D0242D0B27004BFD36 = {
						CreatedOnToolsVersion = 11.4;
					};
				};
			};
			buildConfigurationList = 25D524CC242D0B27004BFD36 /* Build configuration list for PBXProject "SwiftUIKit" */;
			compatibilityVersion = "Xcode 9.3";
			developmentRegion = en;
			hasScannedForEncodings = 0;
			knownRegions = (
				en,
				Base,
			);
			mainGroup = 25D524C8242D0B27004BFD36;
			productRefGroup = 25D524D2242D0B27004BFD36 /* Products */;
			projectDirPath = "";
			projectRoot = "";
			targets = (
				25D524D0242D0B27004BFD36 /* SwiftUIKit */,
			);
		};
/* End PBXProject section */

/* Begin PBXResourcesBuildPhase section */
		25D524CF242D0B27004BFD36 /* Resources */ = {
			isa = PBXResourcesBuildPhase;
			buildActionMask = 2147483647;
			files = (
				25D524E1242D0B29004BFD36 /* LaunchScreen.storyboard in Resources */,
				25D524DE242D0B29004BFD36 /* Assets.xcassets in Resources */,
				25D524DC242D0B27004BFD36 /* Main.storyboard in Resources */,
			);
			runOnlyForDeploymentPostprocessing = 0;
		};
/* End PBXResourcesBuildPhase section */

/* Begin PBXSourcesBuildPhase section */
		25D524CD242D0B27004BFD36 /* Sources */ = {
			isa = PBXSourcesBuildPhase;
			buildActionMask = 2147483647;
			files = (
				2574BA78243371BB002CF243 /* SwiftUIKitModifier.swift in Sources */,
				25D524E9242D0B38004BFD36 /* SwiftUIKitView.swift in Sources */,
				2574BA9E2433A0E3002CF243 /* SwiftUIKitShape.swift in Sources */,
				2574BA7A24339080002CF243 /* SwiftUIKitFunctionBuilder.swift in Sources */,
				25D524ED242DF67A004BFD36 /* SwiftUIKitColorView.swift in Sources */,
				25D524D9242D0B27004BFD36 /* ViewController.swift in Sources */,
				25D524D5242D0B27004BFD36 /* AppDelegate.swift in Sources */,
				25D524D7242D0B27004BFD36 /* SceneDelegate.swift in Sources */,
				2574BA7C24339A26002CF243 /* SwiftUIKitTextView.swift in Sources */,
				25D524EB242D11F7004BFD36 /* SwiftUIKitStack.swift in Sources */,
			);
			runOnlyForDeploymentPostprocessing = 0;
		};
/* End PBXSourcesBuildPhase section */

/* Begin PBXVariantGroup section */
		25D524DA242D0B27004BFD36 /* Main.storyboard */ = {
			isa = PBXVariantGroup;
			children = (
				25D524DB242D0B27004BFD36 /* Base */,
			);
			name = Main.storyboard;
			sourceTree = "<group>";
		};
		25D524DF242D0B29004BFD36 /* LaunchScreen.storyboard */ = {
			isa = PBXVariantGroup;
			children = (
				25D524E0242D0B29004BFD36 /* Base */,
			);
			name = LaunchScreen.storyboard;
			sourceTree = "<group>";
		};
/* End PBXVariantGroup section */

/* Begin XCBuildConfiguration section */
		25D524E3242D0B29004BFD36 /* Debug */ = {
			isa = XCBuildConfiguration;
			buildSettings = {
				ALWAYS_SEARCH_USER_PATHS = NO;
				CLANG_ANALYZER_NONNULL = YES;
				CLANG_ANALYZER_NUMBER_OBJECT_CONVERSION = YES_AGGRESSIVE;
				CLANG_CXX_LANGUAGE_STANDARD = "gnu++14";
				CLANG_CXX_LIBRARY = "libc++";
				CLANG_ENABLE_MODULES = YES;
				CLANG_ENABLE_OBJC_ARC = YES;
				CLANG_ENABLE_OBJC_WEAK = YES;
				CLANG_WARN_BLOCK_CAPTURE_AUTORELEASING = YES;
				CLANG_WARN_BOOL_CONVERSION = YES;
				CLANG_WARN_COMMA = YES;
				CLANG_WARN_CONSTANT_CONVERSION = YES;
				CLANG_WARN_DEPRECATED_OBJC_IMPLEMENTATIONS = YES;
				CLANG_WARN_DIRECT_OBJC_ISA_USAGE = YES_ERROR;
				CLANG_WARN_DOCUMENTATION_COMMENTS = YES;
				CLANG_WARN_EMPTY_BODY = YES;
				CLANG_WARN_ENUM_CONVERSION = YES;
				CLANG_WARN_INFINITE_RECURSION = YES;
				CLANG_WARN_INT_CONVERSION = YES;
				CLANG_WARN_NON_LITERAL_NULL_CONVERSION = YES;
				CLANG_WARN_OBJC_IMPLICIT_RETAIN_SELF = YES;
				CLANG_WARN_OBJC_LITERAL_CONVERSION = YES;
				CLANG_WARN_OBJC_ROOT_CLASS = YES_ERROR;
				CLANG_WARN_RANGE_LOOP_ANALYSIS = YES;
				CLANG_WARN_STRICT_PROTOTYPES = YES;
				CLANG_WARN_SUSPICIOUS_MOVE = YES;
				CLANG_WARN_UNGUARDED_AVAILABILITY = YES_AGGRESSIVE;
				CLANG_WARN_UNREACHABLE_CODE = YES;
				CLANG_WARN__DUPLICATE_METHOD_MATCH = YES;
				COPY_PHASE_STRIP = NO;
				DEBUG_INFORMATION_FORMAT = dwarf;
				ENABLE_STRICT_OBJC_MSGSEND = YES;
				ENABLE_TESTABILITY = YES;
				GCC_C_LANGUAGE_STANDARD = gnu11;
				GCC_DYNAMIC_NO_PIC = NO;
				GCC_NO_COMMON_BLOCKS = YES;
				GCC_OPTIMIZATION_LEVEL = 0;
				GCC_PREPROCESSOR_DEFINITIONS = (
					"DEBUG=1",
					"$(inherited)",
				);
				GCC_WARN_64_TO_32_BIT_CONVERSION = YES;
				GCC_WARN_ABOUT_RETURN_TYPE = YES_ERROR;
				GCC_WARN_UNDECLARED_SELECTOR = YES;
				GCC_WARN_UNINITIALIZED_AUTOS = YES_AGGRESSIVE;
				GCC_WARN_UNUSED_FUNCTION = YES;
				GCC_WARN_UNUSED_VARIABLE = YES;
				IPHONEOS_DEPLOYMENT_TARGET = 13.4;
				MTL_ENABLE_DEBUG_INFO = INCLUDE_SOURCE;
				MTL_FAST_MATH = YES;
				ONLY_ACTIVE_ARCH = YES;
				SDKROOT = iphoneos;
				SWIFT_ACTIVE_COMPILATION_CONDITIONS = DEBUG;
				SWIFT_OPTIMIZATION_LEVEL = "-Onone";
			};
			name = Debug;
		};
		25D524E4242D0B29004BFD36 /* Release */ = {
			isa = XCBuildConfiguration;
			buildSettings = {
				ALWAYS_SEARCH_USER_PATHS = NO;
				CLANG_ANALYZER_NONNULL = YES;
				CLANG_ANALYZER_NUMBER_OBJECT_CONVERSION = YES_AGGRESSIVE;
				CLANG_CXX_LANGUAGE_STANDARD = "gnu++14";
				CLANG_CXX_LIBRARY = "libc++";
				CLANG_ENABLE_MODULES = YES;
				CLANG_ENABLE_OBJC_ARC = YES;
				CLANG_ENABLE_OBJC_WEAK = YES;
				CLANG_WARN_BLOCK_CAPTURE_AUTORELEASING = YES;
				CLANG_WARN_BOOL_CONVERSION = YES;
				CLANG_WARN_COMMA = YES;
				CLANG_WARN_CONSTANT_CONVERSION = YES;
				CLANG_WARN_DEPRECATED_OBJC_IMPLEMENTATIONS = YES;
				CLANG_WARN_DIRECT_OBJC_ISA_USAGE = YES_ERROR;
				CLANG_WARN_DOCUMENTATION_COMMENTS = YES;
				CLANG_WARN_EMPTY_BODY = YES;
				CLANG_WARN_ENUM_CONVERSION = YES;
				CLANG_WARN_INFINITE_RECURSION = YES;
				CLANG_WARN_INT_CONVERSION = YES;
				CLANG_WARN_NON_LITERAL_NULL_CONVERSION = YES;
				CLANG_WARN_OBJC_IMPLICIT_RETAIN_SELF = YES;
				CLANG_WARN_OBJC_LITERAL_CONVERSION = YES;
				CLANG_WARN_OBJC_ROOT_CLASS = YES_ERROR;
				CLANG_WARN_RANGE_LOOP_ANALYSIS = YES;
				CLANG_WARN_STRICT_PROTOTYPES = YES;
				CLANG_WARN_SUSPICIOUS_MOVE = YES;
				CLANG_WARN_UNGUARDED_AVAILABILITY = YES_AGGRESSIVE;
				CLANG_WARN_UNREACHABLE_CODE = YES;
				CLANG_WARN__DUPLICATE_METHOD_MATCH = YES;
				COPY_PHASE_STRIP = NO;
				DEBUG_INFORMATION_FORMAT = "dwarf-with-dsym";
				ENABLE_NS_ASSERTIONS = NO;
				ENABLE_STRICT_OBJC_MSGSEND = YES;
				GCC_C_LANGUAGE_STANDARD = gnu11;
				GCC_NO_COMMON_BLOCKS = YES;
				GCC_WARN_64_TO_32_BIT_CONVERSION = YES;
				GCC_WARN_ABOUT_RETURN_TYPE = YES_ERROR;
				GCC_WARN_UNDECLARED_SELECTOR = YES;
				GCC_WARN_UNINITIALIZED_AUTOS = YES_AGGRESSIVE;
				GCC_WARN_UNUSED_FUNCTION = YES;
				GCC_WARN_UNUSED_VARIABLE = YES;
				IPHONEOS_DEPLOYMENT_TARGET = 13.4;
				MTL_ENABLE_DEBUG_INFO = NO;
				MTL_FAST_MATH = YES;
				SDKROOT = iphoneos;
				SWIFT_COMPILATION_MODE = wholemodule;
				SWIFT_OPTIMIZATION_LEVEL = "-O";
				VALIDATE_PRODUCT = YES;
			};
			name = Release;
		};
		25D524E6242D0B29004BFD36 /* Debug */ = {
			isa = XCBuildConfiguration;
			buildSettings = {
				ASSETCATALOG_COMPILER_APPICON_NAME = AppIcon;
				CODE_SIGN_STYLE = Automatic;
				INFOPLIST_FILE = SwiftUIKit/Info.plist;
				LD_RUNPATH_SEARCH_PATHS = (
					"$(inherited)",
					"@executable_path/Frameworks",
				);
				PRODUCT_BUNDLE_IDENTIFIER = com.gfrigerio.SwiftUIKit;
				PRODUCT_NAME = "$(TARGET_NAME)";
				SWIFT_VERSION = 5.0;
				TARGETED_DEVICE_FAMILY = "1,2";
			};
			name = Debug;
		};
		25D524E7242D0B29004BFD36 /* Release */ = {
			isa = XCBuildConfiguration;
			buildSettings = {
				ASSETCATALOG_COMPILER_APPICON_NAME = AppIcon;
				CODE_SIGN_STYLE = Automatic;
				INFOPLIST_FILE = SwiftUIKit/Info.plist;
				LD_RUNPATH_SEARCH_PATHS = (
					"$(inherited)",
					"@executable_path/Frameworks",
				);
				PRODUCT_BUNDLE_IDENTIFIER = com.gfrigerio.SwiftUIKit;
				PRODUCT_NAME = "$(TARGET_NAME)";
				SWIFT_VERSION = 5.0;
				TARGETED_DEVICE_FAMILY = "1,2";
			};
			name = Release;
		};
/* End XCBuildConfiguration section */

/* Begin XCConfigurationList section */
		25D524CC242D0B27004BFD36 /* Build configuration list for PBXProject "SwiftUIKit" */ = {
			isa = XCConfigurationList;
			buildConfigurations = (
				25D524E3242D0B29004BFD36 /* Debug */,
				25D524E4242D0B29004BFD36 /* Release */,
			);
			defaultConfigurationIsVisible = 0;
			defaultConfigurationName = Release;
		};
		25D524E5242D0B29004BFD36 /* Build configuration list for PBXNativeTarget "SwiftUIKit" */ = {
			isa = XCConfigurationList;
			buildConfigurations = (
				25D524E6242D0B29004BFD36 /* Debug */,
				25D524E7242D0B29004BFD36 /* Release */,
			);
			defaultConfigurationIsVisible = 0;
			defaultConfigurationName = Release;
		};
/* End XCConfigurationList section */
	};
	rootObject = 25D524C9242D0B27004BFD36 /* Project object */;
}
